
Microsoft Visual Studio Solution File, Format Version 12.00
# Visual Studio 15
VisualStudioVersion = 15.0.28010.2003
MinimumVisualStudioVersion = 10.0.40219.1
Project("{8BC9CEB8-8B4A-11D0-8D11-00A0C91BC942}") = "dbj++pertempto", "dbj++pertempto\dbj++pertempto.vcxproj", "{9C92850F-C359-4E82-B3B1-E274DA337058}"
EndProject
Project("{8BC9CEB8-8B4A-11D0-8D11-00A0C91BC942}") = "dbj++attempto", "dbj++attempto\dbj++attempto.vcxproj", "{36D7F5F7-AB28-4FDF-80A5-EA53553A5B5D}"
EndProject
Project("{8BC9CEB8-8B4A-11D0-8D11-00A0C91BC942}") = "dbj++clib", "dbj++clib\dbj++clib.vcxproj", "{FB3F59BF-E33A-473B-A1F2-7E90510B13A6}"
EndProject
Project("{8BC9CEB8-8B4A-11D0-8D11-00A0C91BC942}") = "dbj++sql", "dbj++sql\dbj++sql.vcxproj", "{7F0BED4B-5CD0-45E8-AA55-B8C56B10E6CF}"
EndProject
Project("{8BC9CEB8-8B4A-11D0-8D11-00A0C91BC942}") = "utf8dbj", "utf8dbj\utf8dbj.vcxproj", "{1E6806CB-7C63-453E-85BA-0072E6D867C3}"
EndProject
Global
	GlobalSection(SolutionConfigurationPlatforms) = preSolution
		Debug|x64 = Debug|x64
		Debug|x86 = Debug|x86
		Release|x64 = Release|x64
		Release|x86 = Release|x86
	EndGlobalSection
	GlobalSection(ProjectConfigurationPlatforms) = postSolution
		{9C92850F-C359-4E82-B3B1-E274DA337058}.Debug|x64.ActiveCfg = Debug|x64
		{9C92850F-C359-4E82-B3B1-E274DA337058}.Debug|x64.Build.0 = Debug|x64
		{9C92850F-C359-4E82-B3B1-E274DA337058}.Debug|x86.ActiveCfg = Debug|x64
		{9C92850F-C359-4E82-B3B1-E274DA337058}.Debug|x86.Build.0 = Debug|x64
		{9C92850F-C359-4E82-B3B1-E274DA337058}.Release|x64.ActiveCfg = Debug|x64
		{9C92850F-C359-4E82-B3B1-E274DA337058}.Release|x64.Build.0 = Debug|x64
		{9C92850F-C359-4E82-B3B1-E274DA337058}.Release|x86.ActiveCfg = Debug|x64
		{9C92850F-C359-4E82-B3B1-E274DA337058}.Release|x86.Build.0 = Debug|x64
		{36D7F5F7-AB28-4FDF-80A5-EA53553A5B5D}.Debug|x64.ActiveCfg = Debug|x64
		{36D7F5F7-AB28-4FDF-80A5-EA53553A5B5D}.Debug|x64.Build.0 = Debug|x64
		{36D7F5F7-AB28-4FDF-80A5-EA53553A5B5D}.Debug|x86.ActiveCfg = Debug|x64
		{36D7F5F7-AB28-4FDF-80A5-EA53553A5B5D}.Debug|x86.Build.0 = Debug|x64
		{36D7F5F7-AB28-4FDF-80A5-EA53553A5B5D}.Release|x64.ActiveCfg = Debug|x64
		{36D7F5F7-AB28-4FDF-80A5-EA53553A5B5D}.Release|x64.Build.0 = Debug|x64
		{36D7F5F7-AB28-4FDF-80A5-EA53553A5B5D}.Release|x86.ActiveCfg = Debug|x64
		{36D7F5F7-AB28-4FDF-80A5-EA53553A5B5D}.Release|x86.Build.0 = Debug|x64
		{FB3F59BF-E33A-473B-A1F2-7E90510B13A6}.Debug|x64.ActiveCfg = Debug|x64
		{FB3F59BF-E33A-473B-A1F2-7E90510B13A6}.Debug|x64.Build.0 = Debug|x64
		{FB3F59BF-E33A-473B-A1F2-7E90510B13A6}.Debug|x86.ActiveCfg = Debug|x64
		{FB3F59BF-E33A-473B-A1F2-7E90510B13A6}.Debug|x86.Build.0 = Debug|x64
		{FB3F59BF-E33A-473B-A1F2-7E90510B13A6}.Release|x64.ActiveCfg = Debug|x64
		{FB3F59BF-E33A-473B-A1F2-7E90510B13A6}.Release|x64.Build.0 = Debug|x64
		{FB3F59BF-E33A-473B-A1F2-7E90510B13A6}.Release|x86.ActiveCfg = Debug|x64
		{FB3F59BF-E33A-473B-A1F2-7E90510B13A6}.Release|x86.Build.0 = Debug|x64
		{7F0BED4B-5CD0-45E8-AA55-B8C56B10E6CF}.Debug|x64.ActiveCfg = Debug|x64
		{7F0BED4B-5CD0-45E8-AA55-B8C56B10E6CF}.Debug|x64.Build.0 = Debug|x64
		{7F0BED4B-5CD0-45E8-AA55-B8C56B10E6CF}.Debug|x86.ActiveCfg = Debug|x64
		{7F0BED4B-5CD0-45E8-AA55-B8C56B10E6CF}.Debug|x86.Build.0 = Debug|x64
		{7F0BED4B-5CD0-45E8-AA55-B8C56B10E6CF}.Release|x64.ActiveCfg = Debug|x64
		{7F0BED4B-5CD0-45E8-AA55-B8C56B10E6CF}.Release|x64.Build.0 = Debug|x64
		{7F0BED4B-5CD0-45E8-AA55-B8C56B10E6CF}.Release|x86.ActiveCfg = Debug|x64
		{7F0BED4B-5CD0-45E8-AA55-B8C56B10E6CF}.Release|x86.Build.0 = Debug|x64
		{1E6806CB-7C63-453E-85BA-0072E6D867C3}.Debug|x64.ActiveCfg = Debug|x64
		{1E6806CB-7C63-453E-85BA-0072E6D867C3}.Debug|x64.Build.0 = Debug|x64
		{1E6806CB-7C63-453E-85BA-0072E6D867C3}.Debug|x86.ActiveCfg = Debug|Win32
		{1E6806CB-7C63-453E-85BA-0072E6D867C3}.Debug|x86.Build.0 = Debug|Win32
		{1E6806CB-7C63-453E-85BA-0072E6D867C3}.Release|x64.ActiveCfg = Release|x64
		{1E6806CB-7C63-453E-85BA-0072E6D867C3}.Release|x64.Build.0 = Release|x64
		{1E6806CB-7C63-453E-85BA-0072E6D867C3}.Release|x86.ActiveCfg = Release|Win32
		{1E6806CB-7C63-453E-85BA-0072E6D867C3}.Release|x86.Build.0 = Release|Win32
	EndGlobalSection
	GlobalSection(SolutionProperties) = preSolution
		HideSolutionNode = FALSE
	EndGlobalSection
	GlobalSection(ExtensibilityGlobals) = postSolution
		SolutionGuid = {500EAE43-F045-46A1-9577-B261B941EDF5}
	EndGlobalSection
EndGlobal
