
Microsoft Visual Studio Solution File, Format Version 12.00
# Visual Studio 15
VisualStudioVersion = 15.0.28010.2003
MinimumVisualStudioVersion = 10.0.40219.1
Project("{8BC9CEB8-8B4A-11D0-8D11-00A0C91BC942}") = "dbj++pertempto", "dbj++pertempto\dbj++pertempto.vcxproj", "{9C92850F-C359-4E82-B3B1-E274DA337058}"
EndProject
Project("{8BC9CEB8-8B4A-11D0-8D11-00A0C91BC942}") = "dbj++attempto", "dbj++attempto\dbj++attempto.vcxproj", "{36D7F5F7-AB28-4FDF-80A5-EA53553A5B5D}"
EndProject
Project("{8BC9CEB8-8B4A-11D0-8D11-00A0C91BC942}") = "dbj++clib", "dbj++clib\dbj++clib.vcxproj", "{FB3F59BF-E33A-473B-A1F2-7E90510B13A6}"
EndProject
Project("{8BC9CEB8-8B4A-11D0-8D11-00A0C91BC942}") = "dbj_en_dictionary", "dbj_en_dictionary\dbj_en_dictionary.vcxproj", "{AAF197EC-E4D9-47EF-AC62-3FC357D0EF1C}"
EndProject
Global
	GlobalSection(SolutionConfigurationPlatforms) = preSolution
		Debug|x64 = Debug|x64
		Debug|x86 = Debug|x86
		Release|x64 = Release|x64
		Release|x86 = Release|x86
	EndGlobalSection
	GlobalSection(ProjectConfigurationPlatforms) = postSolution
		{9C92850F-C359-4E82-B3B1-E274DA337058}.Debug|x64.ActiveCfg = Debug|x64
		{9C92850F-C359-4E82-B3B1-E274DA337058}.Debug|x64.Build.0 = Debug|x64
		{9C92850F-C359-4E82-B3B1-E274DA337058}.Debug|x86.ActiveCfg = Debug|Win32
		{9C92850F-C359-4E82-B3B1-E274DA337058}.Debug|x86.Build.0 = Debug|Win32
		{9C92850F-C359-4E82-B3B1-E274DA337058}.Release|x64.ActiveCfg = Release|x64
		{9C92850F-C359-4E82-B3B1-E274DA337058}.Release|x64.Build.0 = Release|x64
		{9C92850F-C359-4E82-B3B1-E274DA337058}.Release|x86.ActiveCfg = Release|Win32
		{9C92850F-C359-4E82-B3B1-E274DA337058}.Release|x86.Build.0 = Release|Win32
		{36D7F5F7-AB28-4FDF-80A5-EA53553A5B5D}.Debug|x64.ActiveCfg = Debug|x64
		{36D7F5F7-AB28-4FDF-80A5-EA53553A5B5D}.Debug|x64.Build.0 = Debug|x64
		{36D7F5F7-AB28-4FDF-80A5-EA53553A5B5D}.Debug|x86.ActiveCfg = Debug|Win32
		{36D7F5F7-AB28-4FDF-80A5-EA53553A5B5D}.Debug|x86.Build.0 = Debug|Win32
		{36D7F5F7-AB28-4FDF-80A5-EA53553A5B5D}.Release|x64.ActiveCfg = Release|x64
		{36D7F5F7-AB28-4FDF-80A5-EA53553A5B5D}.Release|x64.Build.0 = Release|x64
		{36D7F5F7-AB28-4FDF-80A5-EA53553A5B5D}.Release|x86.ActiveCfg = Release|Win32
		{36D7F5F7-AB28-4FDF-80A5-EA53553A5B5D}.Release|x86.Build.0 = Release|Win32
		{FB3F59BF-E33A-473B-A1F2-7E90510B13A6}.Debug|x64.ActiveCfg = Debug|x64
		{FB3F59BF-E33A-473B-A1F2-7E90510B13A6}.Debug|x64.Build.0 = Debug|x64
		{FB3F59BF-E33A-473B-A1F2-7E90510B13A6}.Debug|x86.ActiveCfg = Debug|Win32
		{FB3F59BF-E33A-473B-A1F2-7E90510B13A6}.Debug|x86.Build.0 = Debug|Win32
		{FB3F59BF-E33A-473B-A1F2-7E90510B13A6}.Release|x64.ActiveCfg = Release|x64
		{FB3F59BF-E33A-473B-A1F2-7E90510B13A6}.Release|x64.Build.0 = Release|x64
		{FB3F59BF-E33A-473B-A1F2-7E90510B13A6}.Release|x86.ActiveCfg = Release|Win32
		{FB3F59BF-E33A-473B-A1F2-7E90510B13A6}.Release|x86.Build.0 = Release|Win32
		{AAF197EC-E4D9-47EF-AC62-3FC357D0EF1C}.Debug|x64.ActiveCfg = Debug|x64
		{AAF197EC-E4D9-47EF-AC62-3FC357D0EF1C}.Debug|x64.Build.0 = Debug|x64
		{AAF197EC-E4D9-47EF-AC62-3FC357D0EF1C}.Debug|x86.ActiveCfg = Debug|Win32
		{AAF197EC-E4D9-47EF-AC62-3FC357D0EF1C}.Debug|x86.Build.0 = Debug|Win32
		{AAF197EC-E4D9-47EF-AC62-3FC357D0EF1C}.Release|x64.ActiveCfg = Release|x64
		{AAF197EC-E4D9-47EF-AC62-3FC357D0EF1C}.Release|x64.Build.0 = Release|x64
		{AAF197EC-E4D9-47EF-AC62-3FC357D0EF1C}.Release|x86.ActiveCfg = Release|Win32
		{AAF197EC-E4D9-47EF-AC62-3FC357D0EF1C}.Release|x86.Build.0 = Release|Win32
	EndGlobalSection
	GlobalSection(SolutionProperties) = preSolution
		HideSolutionNode = FALSE
	EndGlobalSection
	GlobalSection(ExtensibilityGlobals) = postSolution
		SolutionGuid = {500EAE43-F045-46A1-9577-B261B941EDF5}
	EndGlobalSection
EndGlobal
