
Microsoft Visual Studio Solution File, Format Version 12.00
# Visual Studio Version 16
VisualStudioVersion = 16.0.29209.62
MinimumVisualStudioVersion = 10.0.40219.1
Project("{8BC9CEB8-8B4A-11D0-8D11-00A0C91BC942}") = "dbj++pertempto", "dbj++pertempto\dbj++pertempto.vcxproj", "{9C92850F-C359-4E82-B3B1-E274DA337058}"
EndProject
Project("{8BC9CEB8-8B4A-11D0-8D11-00A0C91BC942}") = "dbj++attempto", "dbj++attempto\dbj++attempto.vcxproj", "{36D7F5F7-AB28-4FDF-80A5-EA53553A5B5D}"
EndProject
Project("{8BC9CEB8-8B4A-11D0-8D11-00A0C91BC942}") = "dbj++ini", "dbj++ini\dbj++ini.vcxproj", "{26CC61DC-CDED-4A26-9B9A-0B8D802A4A9E}"
EndProject
Project("{8BC9CEB8-8B4A-11D0-8D11-00A0C91BC942}") = "dbj++", "dbj++\dbj++.vcxitems", "{09BA3370-4F1F-40D7-9A0D-F9B7AAFFD817}"
EndProject
Project("{8BC9CEB8-8B4A-11D0-8D11-00A0C91BC942}") = "dbj_buffering_research", "dbj_buffering_research\dbj_buffering_research.vcxproj", "{566171B0-CB90-4D41-A181-C5679B4E8850}"
EndProject
Global
	GlobalSection(SharedMSBuildProjectFiles) = preSolution
		dbj++\dbj++.vcxitems*{09ba3370-4f1f-40d7-9a0d-f9b7aaffd817}*SharedItemsImports = 9
		dbj++\dbj++.vcxitems*{9c92850f-c359-4e82-b3b1-e274da337058}*SharedItemsImports = 4
	EndGlobalSection
	GlobalSection(SolutionConfigurationPlatforms) = preSolution
		Debug|x64 = Debug|x64
		Debug|x86 = Debug|x86
		Release|x64 = Release|x64
		Release|x86 = Release|x86
	EndGlobalSection
	GlobalSection(ProjectConfigurationPlatforms) = postSolution
		{9C92850F-C359-4E82-B3B1-E274DA337058}.Debug|x64.ActiveCfg = Debug|x64
		{9C92850F-C359-4E82-B3B1-E274DA337058}.Debug|x64.Build.0 = Debug|x64
		{9C92850F-C359-4E82-B3B1-E274DA337058}.Debug|x86.ActiveCfg = Debug|x64
		{9C92850F-C359-4E82-B3B1-E274DA337058}.Debug|x86.Build.0 = Debug|x64
		{9C92850F-C359-4E82-B3B1-E274DA337058}.Release|x64.ActiveCfg = Debug|x64
		{9C92850F-C359-4E82-B3B1-E274DA337058}.Release|x64.Build.0 = Debug|x64
		{9C92850F-C359-4E82-B3B1-E274DA337058}.Release|x86.ActiveCfg = Debug|x64
		{9C92850F-C359-4E82-B3B1-E274DA337058}.Release|x86.Build.0 = Debug|x64
		{36D7F5F7-AB28-4FDF-80A5-EA53553A5B5D}.Debug|x64.ActiveCfg = Debug|x64
		{36D7F5F7-AB28-4FDF-80A5-EA53553A5B5D}.Debug|x64.Build.0 = Debug|x64
		{36D7F5F7-AB28-4FDF-80A5-EA53553A5B5D}.Debug|x86.ActiveCfg = Debug|x64
		{36D7F5F7-AB28-4FDF-80A5-EA53553A5B5D}.Debug|x86.Build.0 = Debug|x64
		{36D7F5F7-AB28-4FDF-80A5-EA53553A5B5D}.Release|x64.ActiveCfg = Release|x64
		{36D7F5F7-AB28-4FDF-80A5-EA53553A5B5D}.Release|x64.Build.0 = Release|x64
		{36D7F5F7-AB28-4FDF-80A5-EA53553A5B5D}.Release|x86.ActiveCfg = Debug|x64
		{36D7F5F7-AB28-4FDF-80A5-EA53553A5B5D}.Release|x86.Build.0 = Debug|x64
		{26CC61DC-CDED-4A26-9B9A-0B8D802A4A9E}.Debug|x64.ActiveCfg = Debug|x64
		{26CC61DC-CDED-4A26-9B9A-0B8D802A4A9E}.Debug|x64.Build.0 = Debug|x64
		{26CC61DC-CDED-4A26-9B9A-0B8D802A4A9E}.Debug|x86.ActiveCfg = Debug|x64
		{26CC61DC-CDED-4A26-9B9A-0B8D802A4A9E}.Debug|x86.Build.0 = Debug|x64
		{26CC61DC-CDED-4A26-9B9A-0B8D802A4A9E}.Release|x64.ActiveCfg = Release|x64
		{26CC61DC-CDED-4A26-9B9A-0B8D802A4A9E}.Release|x64.Build.0 = Release|x64
		{26CC61DC-CDED-4A26-9B9A-0B8D802A4A9E}.Release|x86.ActiveCfg = Debug|x64
		{26CC61DC-CDED-4A26-9B9A-0B8D802A4A9E}.Release|x86.Build.0 = Debug|x64
		{566171B0-CB90-4D41-A181-C5679B4E8850}.Debug|x64.ActiveCfg = Debug|x64
		{566171B0-CB90-4D41-A181-C5679B4E8850}.Debug|x64.Build.0 = Debug|x64
		{566171B0-CB90-4D41-A181-C5679B4E8850}.Debug|x86.ActiveCfg = Debug|Win32
		{566171B0-CB90-4D41-A181-C5679B4E8850}.Debug|x86.Build.0 = Debug|Win32
		{566171B0-CB90-4D41-A181-C5679B4E8850}.Release|x64.ActiveCfg = Release|x64
		{566171B0-CB90-4D41-A181-C5679B4E8850}.Release|x64.Build.0 = Release|x64
		{566171B0-CB90-4D41-A181-C5679B4E8850}.Release|x86.ActiveCfg = Release|Win32
		{566171B0-CB90-4D41-A181-C5679B4E8850}.Release|x86.Build.0 = Release|Win32
	EndGlobalSection
	GlobalSection(SolutionProperties) = preSolution
		HideSolutionNode = FALSE
	EndGlobalSection
	GlobalSection(ExtensibilityGlobals) = postSolution
		SolutionGuid = {500EAE43-F045-46A1-9577-B261B941EDF5}
	EndGlobalSection
EndGlobal
