<?xml version="1.0" encoding="utf-8"?>
<Project ToolsVersion="4.0" xmlns="http://schemas.microsoft.com/developer/msbuild/2003">
  <ItemGroup>
    <Filter Include="dbj">
      <UniqueIdentifier>{347267f8-05ac-4b2c-bf15-4d62753e6eda}</UniqueIdentifier>
    </Filter>
    <Filter Include="syslog">
      <UniqueIdentifier>{c041d46e-6597-4fd7-91e9-e42381e3347e}</UniqueIdentifier>
    </Filter>
    <Filter Include="test">
      <UniqueIdentifier>{897f6f42-d7c0-4724-939d-7634d930c834}</UniqueIdentifier>
    </Filter>
    <Filter Include="media">
      <UniqueIdentifier>{9032cd08-1583-4f51-af56-4ca7dbaafb02}</UniqueIdentifier>
    </Filter>
  </ItemGroup>
  <ItemGroup>
    <ClCompile Include="dbj\dbj_log.cpp">
      <Filter>dbj</Filter>
    </ClCompile>
    <ClCompile Include="dbj\dbj_util.cpp">
      <Filter>dbj</Filter>
    </ClCompile>
    <ClCompile Include="syslog\syslogc.c">
      <Filter>syslog</Filter>
    </ClCompile>
    <ClCompile Include="dbj_pp_log.cpp" />
  </ItemGroup>
  <ItemGroup>
    <ClInclude Include="dbj\dbj_util.h">
      <Filter>dbj</Filter>
    </ClInclude>
    <ClInclude Include="syslog\syslog.h">
      <Filter>syslog</Filter>
    </ClInclude>
    <ClInclude Include="test\dbj_log_test.h">
      <Filter>test</Filter>
    </ClInclude>
    <ClInclude Include="dbj++log.h" />
    <ClInclude Include="dbj\dbj_local_log.h">
      <Filter>dbj</Filter>
    </ClInclude>
    <ClInclude Include="dbj_license.h" />
  </ItemGroup>
  <ItemGroup>
    <None Include="README.MD" />
    <None Include="LICENSE.md" />
  </ItemGroup>
  <ItemGroup>
    <Image Include="media\syslogwatcher.com.jpg">
      <Filter>media</Filter>
    </Image>
  </ItemGroup>
</Project>