<?xml version="1.0" encoding="utf-8"?>
<Project ToolsVersion="4.0" xmlns="http://schemas.microsoft.com/developer/msbuild/2003">
  <ItemGroup>
    <ClCompile Include="src\ini.c" />
    <ClCompile Include="src\ini_reader.cpp" />
    <ClCompile Include="src\dbj_module_basename.cpp" />
  </ItemGroup>
  <ItemGroup>
    <ClInclude Include="src\ini.h" />
    <ClInclude Include="dbj++ini.h" />
    <ClInclude Include="ini_reader_sampler.h" />
  </ItemGroup>
  <ItemGroup>
    <None Include="LICENSE" />
    <None Include="README.md" />
  </ItemGroup>
</Project>