<?xml version="1.0" encoding="utf-8"?>
<Project ToolsVersion="4.0" xmlns="http://schemas.microsoft.com/developer/msbuild/2003">
  <ItemGroup>
    <Filter Include="Source Files">
      <UniqueIdentifier>{4FC737F1-C7A5-4376-A066-2A32D752A2FF}</UniqueIdentifier>
      <Extensions>cpp;c;cc;cxx;def;odl;idl;hpj;bat;asm;asmx</Extensions>
    </Filter>
    <Filter Include="Header Files">
      <UniqueIdentifier>{93995380-89BD-4b04-88EB-625FBE52EBFB}</UniqueIdentifier>
      <Extensions>h;hh;hpp;hxx;hm;inl;inc;ipp;xsd</Extensions>
    </Filter>
    <Filter Include="Resource Files">
      <UniqueIdentifier>{67DA6AB6-F800-4c08-8B7A-83BB121AAD01}</UniqueIdentifier>
      <Extensions>rc;ico;cur;bmp;dlg;rc2;rct;bin;rgs;gif;jpg;jpeg;jpe;resx;tiff;tif;png;wav;mfcribbon-ms</Extensions>
    </Filter>
  </ItemGroup>
  <ItemGroup>
    <ClInclude Include="pch.h">
      <Filter>Header Files</Filter>
    </ClInclude>
    <ClInclude Include="string_literals_with_universal_character_names.h">
      <Filter>Header Files</Filter>
    </ClInclude>
    <ClInclude Include="algorithms\comparing_itoas.h">
      <Filter>Header Files</Filter>
    </ClInclude>
    <ClInclude Include="algorithms\dbj_apply.h">
      <Filter>Header Files</Filter>
    </ClInclude>
    <ClInclude Include="algorithms\dbj_lambda_lists.h">
      <Filter>Header Files</Filter>
    </ClInclude>
    <ClInclude Include="algorithms\dbj_uuid_hash.h">
      <Filter>Header Files</Filter>
    </ClInclude>
    <ClInclude Include="algorithms\dbj_vector_element_to_index.h">
      <Filter>Header Files</Filter>
    </ClInclude>
    <ClInclude Include="algorithms\lambda_runtime_retval_test.h">
      <Filter>Header Files</Filter>
    </ClInclude>
    <ClInclude Include="dbj++attempto.h">
      <Filter>Header Files</Filter>
    </ClInclude>
    <ClInclude Include="utilities\dbj_lambda_matrix.h">
      <Filter>Header Files</Filter>
    </ClInclude>
    <ClInclude Include="dbj_ref_node.h">
      <Filter>Header Files</Filter>
    </ClInclude>
    <ClInclude Include="dbj_console_color\dbj_color.h">
      <Filter>Header Files</Filter>
    </ClInclude>
    <ClInclude Include="dbj_console_color\scrutil.h">
      <Filter>Header Files</Filter>
    </ClInclude>
    <ClInclude Include="object_store\dbj_object_store.h">
      <Filter>Header Files</Filter>
    </ClInclude>
    <ClInclude Include="tree\dbj_random_word.h">
      <Filter>Header Files</Filter>
    </ClInclude>
    <ClInclude Include="tree\simple_binary_tree.h">
      <Filter>Header Files</Filter>
    </ClInclude>
    <ClInclude Include="dbj_discovered_msvc_bugs.h">
      <Filter>Header Files</Filter>
    </ClInclude>
  </ItemGroup>
  <ItemGroup>
    <ClCompile Include="pch.cpp">
      <Filter>Source Files</Filter>
    </ClCompile>
    <ClCompile Include="dbj_web_syndication.cpp">
      <Filter>Source Files</Filter>
    </ClCompile>
    <ClCompile Include="few_more_nuggets.cpp">
      <Filter>Source Files</Filter>
    </ClCompile>
    <ClCompile Include="quick_local_test.cpp">
      <Filter>Source Files</Filter>
    </ClCompile>
    <ClCompile Include="r+d.cpp">
      <Filter>Source Files</Filter>
    </ClCompile>
    <ClCompile Include="main.cpp">
      <Filter>Source Files</Filter>
    </ClCompile>
    <ClCompile Include="dbj_clib_tests.cpp">
      <Filter>Source Files</Filter>
    </ClCompile>
    <ClCompile Include="dbj_console_color\scrutil.c">
      <Filter>Source Files</Filter>
    </ClCompile>
  </ItemGroup>
  <ItemGroup>
    <None Include="README.MD" />
    <None Include="cpp.hint" />
  </ItemGroup>
</Project>